
Microsoft Visual Studio Solution File, Format Version 12.00
# Visual Studio Version 17
VisualStudioVersion = 17.8.34330.188
MinimumVisualStudioVersion = 10.0.40219.1
Project("{FAE04EC0-301F-11D3-BF4B-00C04F79EFBC}") = "ImagesProcessing", "ImagesProcessing\ImagesProcessing.csproj", "{A7A03AB5-4B7E-4EB6-9542-4AD188A751F1}"
EndProject
Project("{FAE04EC0-301F-11D3-BF4B-00C04F79EFBC}") = "DataLayer", "DataLayer\DataLayer.csproj", "{AADD370A-5015-4AA2-BE73-B93A9B743831}"
EndProject
Global
	GlobalSection(SolutionConfigurationPlatforms) = preSolution
		Debug|Any CPU = Debug|Any CPU
		Release|Any CPU = Release|Any CPU
	EndGlobalSection
	GlobalSection(ProjectConfigurationPlatforms) = postSolution
		{A7A03AB5-4B7E-4EB6-9542-4AD188A751F1}.Debug|Any CPU.ActiveCfg = Debug|Any CPU
		{A7A03AB5-4B7E-4EB6-9542-4AD188A751F1}.Debug|Any CPU.Build.0 = Debug|Any CPU
		{A7A03AB5-4B7E-4EB6-9542-4AD188A751F1}.Release|Any CPU.ActiveCfg = Release|Any CPU
		{A7A03AB5-4B7E-4EB6-9542-4AD188A751F1}.Release|Any CPU.Build.0 = Release|Any CPU
		{AADD370A-5015-4AA2-BE73-B93A9B743831}.Debug|Any CPU.ActiveCfg = Debug|Any CPU
		{AADD370A-5015-4AA2-BE73-B93A9B743831}.Debug|Any CPU.Build.0 = Debug|Any CPU
		{AADD370A-5015-4AA2-BE73-B93A9B743831}.Release|Any CPU.ActiveCfg = Release|Any CPU
		{AADD370A-5015-4AA2-BE73-B93A9B743831}.Release|Any CPU.Build.0 = Release|Any CPU
	EndGlobalSection
	GlobalSection(SolutionProperties) = preSolution
		HideSolutionNode = FALSE
	EndGlobalSection
	GlobalSection(ExtensibilityGlobals) = postSolution
		SolutionGuid = {84D81E33-757B-4524-8664-40B3E89D5325}
	EndGlobalSection
EndGlobal
